
Microsoft Visual Studio Solution File, Format Version 12.00
# Visual Studio Version 17
VisualStudioVersion = 17.5.33516.290
MinimumVisualStudioVersion = 10.0.40219.1
Project("{FAE04EC0-301F-11D3-BF4B-00C04F79EFBC}") = "Grupal_U1_LP2", "Grupal_U1_LP2\Grupal_U1_LP2.csproj", "{BB4D404F-2B7B-45BA-AC44-52D9DE61C086}"
EndProject
Global
	GlobalSection(SolutionConfigurationPlatforms) = preSolution
		Debug|Any CPU = Debug|Any CPU
		Release|Any CPU = Release|Any CPU
	EndGlobalSection
	GlobalSection(ProjectConfigurationPlatforms) = postSolution
		{BB4D404F-2B7B-45BA-AC44-52D9DE61C086}.Debug|Any CPU.ActiveCfg = Debug|Any CPU
		{BB4D404F-2B7B-45BA-AC44-52D9DE61C086}.Debug|Any CPU.Build.0 = Debug|Any CPU
		{BB4D404F-2B7B-45BA-AC44-52D9DE61C086}.Release|Any CPU.ActiveCfg = Release|Any CPU
		{BB4D404F-2B7B-45BA-AC44-52D9DE61C086}.Release|Any CPU.Build.0 = Release|Any CPU
	EndGlobalSection
	GlobalSection(SolutionProperties) = preSolution
		HideSolutionNode = FALSE
	EndGlobalSection
	GlobalSection(ExtensibilityGlobals) = postSolution
		SolutionGuid = {5A92F12C-8CCB-4F71-8DD4-DEF82349235B}
	EndGlobalSection
EndGlobal
